
Microsoft Visual Studio Solution File, Format Version 12.00
# Visual Studio Version 17
VisualStudioVersion = 17.13.35919.96 d17.13
MinimumVisualStudioVersion = 10.0.40219.1
Project("{2150E333-8FDC-42A3-9474-1A3956D46DE8}") = "Src", "Src", "{02EA681E-C7D8-13C7-8484-4AC65E1B71E8}"
EndProject
Project("{FAE04EC0-301F-11D3-BF4B-00C04F79EFBC}") = "AI_VoiceAssistant.API", "AI_VoiceAssistant.API\AI_VoiceAssistant.API.csproj", "{8D26F3D3-D73D-4014-9BC7-F62F13300D0F}"
EndProject
Global
	GlobalSection(SolutionConfigurationPlatforms) = preSolution
		Debug|Any CPU = Debug|Any CPU
		Release|Any CPU = Release|Any CPU
	EndGlobalSection
	GlobalSection(ProjectConfigurationPlatforms) = postSolution
		{8D26F3D3-D73D-4014-9BC7-F62F13300D0F}.Debug|Any CPU.ActiveCfg = Debug|Any CPU
		{8D26F3D3-D73D-4014-9BC7-F62F13300D0F}.Debug|Any CPU.Build.0 = Debug|Any CPU
		{8D26F3D3-D73D-4014-9BC7-F62F13300D0F}.Release|Any CPU.ActiveCfg = Release|Any CPU
		{8D26F3D3-D73D-4014-9BC7-F62F13300D0F}.Release|Any CPU.Build.0 = Release|Any CPU
	EndGlobalSection
	GlobalSection(SolutionProperties) = preSolution
		HideSolutionNode = FALSE
	EndGlobalSection
	GlobalSection(NestedProjects) = preSolution
		{8D26F3D3-D73D-4014-9BC7-F62F13300D0F} = {02EA681E-C7D8-13C7-8484-4AC65E1B71E8}
	EndGlobalSection
	GlobalSection(ExtensibilityGlobals) = postSolution
		SolutionGuid = {82228CCF-7B69-4EB0-84BD-5EC9CDCFF3A1}
	EndGlobalSection
EndGlobal
